<?xml version="1.0" encoding="utf-8"?>
<Project ToolsVersion="4.0" xmlns="http://schemas.microsoft.com/developer/msbuild/2003">
  <ItemGroup>
    <Filter Include="Source Files">
      <UniqueIdentifier>{4FC737F1-C7A5-4376-A066-2A32D752A2FF}</UniqueIdentifier>
      <Extensions>cpp;c;cc;cxx;def;odl;idl;hpj;bat;asm;asmx</Extensions>
    </Filter>
    <Filter Include="Docs">
      <UniqueIdentifier>{bbcc4f0b-973b-48ba-a5aa-5cd8777082c1}</UniqueIdentifier>
    </Filter>
    <Filter Include="Header Files">
      <UniqueIdentifier>{b2c6bf18-0244-41a6-afbf-47800ec9b69e}</UniqueIdentifier>
    </Filter>
  </ItemGroup>
  <ItemGroup>
    <None Include="..\pylon License.rtf">
      <Filter>Docs</Filter>
    </None>
    <None Include="..\README.txt">
      <Filter>Docs</Filter>
    </None>
  </ItemGroup>
  <ItemGroup>
    <ClCompile Include="..\simplegrab_tx2.cpp">
      <Filter>Source Files</Filter>
    </ClCompile>
    <ClCompile Include="..\..\..\InstantCameraAppSrc\CInstantCameraAppSrc.cpp">
      <Filter>Source Files</Filter>
    </ClCompile>
  </ItemGroup>
  <ItemGroup>
    <ClInclude Include="..\..\..\InstantCameraAppSrc\CInstantCameraAppSrc.h">
      <Filter>Header Files</Filter>
    </ClInclude>
  </ItemGroup>
</Project>